
Microsoft Visual Studio Solution File, Format Version 12.00
# Visual Studio 15
VisualStudioVersion = 15.0.27004.2002
MinimumVisualStudioVersion = 10.0.40219.1
Project("{FAE04EC0-301F-11D3-BF4B-00C04F79EFBC}") = "Project5", "Project4\Project5.csproj", "{2B5C4D4D-A078-4022-95C2-9A4DF87CCBAA}"
EndProject
Global
	GlobalSection(SolutionConfigurationPlatforms) = preSolution
		Debug|Any CPU = Debug|Any CPU
		Release|Any CPU = Release|Any CPU
	EndGlobalSection
	GlobalSection(ProjectConfigurationPlatforms) = postSolution
		{2B5C4D4D-A078-4022-95C2-9A4DF87CCBAA}.Debug|Any CPU.ActiveCfg = Debug|Any CPU
		{2B5C4D4D-A078-4022-95C2-9A4DF87CCBAA}.Debug|Any CPU.Build.0 = Debug|Any CPU
		{2B5C4D4D-A078-4022-95C2-9A4DF87CCBAA}.Release|Any CPU.ActiveCfg = Release|Any CPU
		{2B5C4D4D-A078-4022-95C2-9A4DF87CCBAA}.Release|Any CPU.Build.0 = Release|Any CPU
	EndGlobalSection
	GlobalSection(SolutionProperties) = preSolution
		HideSolutionNode = FALSE
	EndGlobalSection
	GlobalSection(ExtensibilityGlobals) = postSolution
		SolutionGuid = {2AD17084-1F68-4B5B-A146-2EF093C3CAEC}
	EndGlobalSection
EndGlobal
